// !$*UTF8*$!
{
	archiveVersion = 1;
	classes = {
	};
	objectVersion = 55;
	objects = {

/* Begin PBXBuildFile section */
		9512E7B72881FEBC007A6A69 /* FileStoreToDoLoader.swift in Sources */ = {isa = PBXBuildFile; fileRef = 9512E7B62881FEBC007A6A69 /* FileStoreToDoLoader.swift */; };
		9512E7B92882003F007A6A69 /* ToDoLoader.swift in Sources */ = {isa = PBXBuildFile; fileRef = 9512E7B82882003F007A6A69 /* ToDoLoader.swift */; };
		9512E7BB28820E44007A6A69 /* RestToDoLoader.swift in Sources */ = {isa = PBXBuildFile; fileRef = 9512E7BA28820E44007A6A69 /* RestToDoLoader.swift */; };
		958BDBD72880C16D005B4429 /* ToDoApp.swift in Sources */ = {isa = PBXBuildFile; fileRef = 958BDBD62880C16D005B4429 /* ToDoApp.swift */; };
		958BDBD92880C16D005B4429 /* AllItemsView.swift in Sources */ = {isa = PBXBuildFile; fileRef = 958BDBD82880C16D005B4429 /* AllItemsView.swift */; };
		958BDBDB2880C16F005B4429 /* Assets.xcassets in Resources */ = {isa = PBXBuildFile; fileRef = 958BDBDA2880C16F005B4429 /* Assets.xcassets */; };
		958BDBDE2880C16F005B4429 /* Preview Assets.xcassets in Resources */ = {isa = PBXBuildFile; fileRef = 958BDBDD2880C16F005B4429 /* Preview Assets.xcassets */; };
		958BDBE82880C16F005B4429 /* ToDoTests.swift in Sources */ = {isa = PBXBuildFile; fileRef = 958BDBE72880C16F005B4429 /* ToDoTests.swift */; };
		958BDBF22880C16F005B4429 /* ToDoUITests.swift in Sources */ = {isa = PBXBuildFile; fileRef = 958BDBF12880C16F005B4429 /* ToDoUITests.swift */; };
		958BDBF42880C16F005B4429 /* ToDoUITestsLaunchTests.swift in Sources */ = {isa = PBXBuildFile; fileRef = 958BDBF32880C16F005B4429 /* ToDoUITestsLaunchTests.swift */; };
		958BDC022880C26F005B4429 /* ToDo.swift in Sources */ = {isa = PBXBuildFile; fileRef = 958BDC012880C26F005B4429 /* ToDo.swift */; };
		958BDC042880C3D0005B4429 /* ToDoListView.swift in Sources */ = {isa = PBXBuildFile; fileRef = 958BDC032880C3D0005B4429 /* ToDoListView.swift */; };
		958BDC062881A649005B4429 /* ToDoStore.swift in Sources */ = {isa = PBXBuildFile; fileRef = 958BDC052881A649005B4429 /* ToDoStore.swift */; };
/* End PBXBuildFile section */

/* Begin PBXContainerItemProxy section */
		958BDBE42880C16F005B4429 /* PBXContainerItemProxy */ = {
			isa = PBXContainerItemProxy;
			containerPortal = 958BDBCB2880C16D005B4429 /* Project object */;
			proxyType = 1;
			remoteGlobalIDString = 958BDBD22880C16D005B4429;
			remoteInfo = ToDo;
		};
		958BDBEE2880C16F005B4429 /* PBXContainerItemProxy */ = {
			isa = PBXContainerItemProxy;
			containerPortal = 958BDBCB2880C16D005B4429 /* Project object */;
			proxyType = 1;
			remoteGlobalIDString = 958BDBD22880C16D005B4429;
			remoteInfo = ToDo;
		};
/* End PBXContainerItemProxy section */

/* Begin PBXFileReference section */
		9512E7B62881FEBC007A6A69 /* FileStoreToDoLoader.swift */ = {isa = PBXFileReference; lastKnownFileType = sourcecode.swift; path = FileStoreToDoLoader.swift; sourceTree = "<group>"; };
		9512E7B82882003F007A6A69 /* ToDoLoader.swift */ = {isa = PBXFileReference; lastKnownFileType = sourcecode.swift; path = ToDoLoader.swift; sourceTree = "<group>"; };
		9512E7BA28820E44007A6A69 /* RestToDoLoader.swift */ = {isa = PBXFileReference; lastKnownFileType = sourcecode.swift; path = RestToDoLoader.swift; sourceTree = "<group>"; };
		958BDBD32880C16D005B4429 /* ToDo.app */ = {isa = PBXFileReference; explicitFileType = wrapper.application; includeInIndex = 0; path = ToDo.app; sourceTree = BUILT_PRODUCTS_DIR; };
		958BDBD62880C16D005B4429 /* ToDoApp.swift */ = {isa = PBXFileReference; lastKnownFileType = sourcecode.swift; path = ToDoApp.swift; sourceTree = "<group>"; };
		958BDBD82880C16D005B4429 /* AllItemsView.swift */ = {isa = PBXFileReference; lastKnownFileType = sourcecode.swift; path = AllItemsView.swift; sourceTree = "<group>"; };
		958BDBDA2880C16F005B4429 /* Assets.xcassets */ = {isa = PBXFileReference; lastKnownFileType = folder.assetcatalog; path = Assets.xcassets; sourceTree = "<group>"; };
		958BDBDD2880C16F005B4429 /* Preview Assets.xcassets */ = {isa = PBXFileReference; lastKnownFileType = folder.assetcatalog; path = "Preview Assets.xcassets"; sourceTree = "<group>"; };
		958BDBE32880C16F005B4429 /* ToDoTests.xctest */ = {isa = PBXFileReference; explicitFileType = wrapper.cfbundle; includeInIndex = 0; path = ToDoTests.xctest; sourceTree = BUILT_PRODUCTS_DIR; };
		958BDBE72880C16F005B4429 /* ToDoTests.swift */ = {isa = PBXFileReference; lastKnownFileType = sourcecode.swift; path = ToDoTests.swift; sourceTree = "<group>"; };
		958BDBED2880C16F005B4429 /* ToDoUITests.xctest */ = {isa = PBXFileReference; explicitFileType = wrapper.cfbundle; includeInIndex = 0; path = ToDoUITests.xctest; sourceTree = BUILT_PRODUCTS_DIR; };
		958BDBF12880C16F005B4429 /* ToDoUITests.swift */ = {isa = PBXFileReference; lastKnownFileType = sourcecode.swift; path = ToDoUITests.swift; sourceTree = "<group>"; };
		958BDBF32880C16F005B4429 /* ToDoUITestsLaunchTests.swift */ = {isa = PBXFileReference; lastKnownFileType = sourcecode.swift; path = ToDoUITestsLaunchTests.swift; sourceTree = "<group>"; };
		958BDC012880C26F005B4429 /* ToDo.swift */ = {isa = PBXFileReference; lastKnownFileType = sourcecode.swift; path = ToDo.swift; sourceTree = "<group>"; };
		958BDC032880C3D0005B4429 /* ToDoListView.swift */ = {isa = PBXFileReference; lastKnownFileType = sourcecode.swift; path = ToDoListView.swift; sourceTree = "<group>"; };
		958BDC052881A649005B4429 /* ToDoStore.swift */ = {isa = PBXFileReference; lastKnownFileType = sourcecode.swift; path = ToDoStore.swift; sourceTree = "<group>"; };
/* End PBXFileReference section */

/* Begin PBXFrameworksBuildPhase section */
		958BDBD02880C16D005B4429 /* Frameworks */ = {
			isa = PBXFrameworksBuildPhase;
			buildActionMask = 2147483647;
			files = (
			);
			runOnlyForDeploymentPostprocessing = 0;
		};
		958BDBE02880C16F005B4429 /* Frameworks */ = {
			isa = PBXFrameworksBuildPhase;
			buildActionMask = 2147483647;
			files = (
			);
			runOnlyForDeploymentPostprocessing = 0;
		};
		958BDBEA2880C16F005B4429 /* Frameworks */ = {
			isa = PBXFrameworksBuildPhase;
			buildActionMask = 2147483647;
			files = (
			);
			runOnlyForDeploymentPostprocessing = 0;
		};
/* End PBXFrameworksBuildPhase section */

/* Begin PBXGroup section */
		958BDBCA2880C16D005B4429 = {
			isa = PBXGroup;
			children = (
				958BDBD52880C16D005B4429 /* ToDo */,
				958BDBE62880C16F005B4429 /* ToDoTests */,
				958BDBF02880C16F005B4429 /* ToDoUITests */,
				958BDBD42880C16D005B4429 /* Products */,
			);
			sourceTree = "<group>";
		};
		958BDBD42880C16D005B4429 /* Products */ = {
			isa = PBXGroup;
			children = (
				958BDBD32880C16D005B4429 /* ToDo.app */,
				958BDBE32880C16F005B4429 /* ToDoTests.xctest */,
				958BDBED2880C16F005B4429 /* ToDoUITests.xctest */,
			);
			name = Products;
			sourceTree = "<group>";
		};
		958BDBD52880C16D005B4429 /* ToDo */ = {
			isa = PBXGroup;
			children = (
				9512E7B82882003F007A6A69 /* ToDoLoader.swift */,
				9512E7B62881FEBC007A6A69 /* FileStoreToDoLoader.swift */,
				9512E7BA28820E44007A6A69 /* RestToDoLoader.swift */,
				958BDBD62880C16D005B4429 /* ToDoApp.swift */,
				958BDBD82880C16D005B4429 /* AllItemsView.swift */,
				958BDC032880C3D0005B4429 /* ToDoListView.swift */,
				958BDBDA2880C16F005B4429 /* Assets.xcassets */,
				958BDC002880C257005B4429 /* Model */,
				958BDBDC2880C16F005B4429 /* Preview Content */,
			);
			path = ToDo;
			sourceTree = "<group>";
		};
		958BDBDC2880C16F005B4429 /* Preview Content */ = {
			isa = PBXGroup;
			children = (
				958BDBDD2880C16F005B4429 /* Preview Assets.xcassets */,
			);
			path = "Preview Content";
			sourceTree = "<group>";
		};
		958BDBE62880C16F005B4429 /* ToDoTests */ = {
			isa = PBXGroup;
			children = (
				958BDBE72880C16F005B4429 /* ToDoTests.swift */,
			);
			path = ToDoTests;
			sourceTree = "<group>";
		};
		958BDBF02880C16F005B4429 /* ToDoUITests */ = {
			isa = PBXGroup;
			children = (
				958BDBF12880C16F005B4429 /* ToDoUITests.swift */,
				958BDBF32880C16F005B4429 /* ToDoUITestsLaunchTests.swift */,
			);
			path = ToDoUITests;
			sourceTree = "<group>";
		};
		958BDC002880C257005B4429 /* Model */ = {
			isa = PBXGroup;
			children = (
				958BDC012880C26F005B4429 /* ToDo.swift */,
				958BDC052881A649005B4429 /* ToDoStore.swift */,
			);
			path = Model;
			sourceTree = "<group>";
		};
/* End PBXGroup section */

/* Begin PBXNativeTarget section */
		958BDBD22880C16D005B4429 /* ToDo */ = {
			isa = PBXNativeTarget;
			buildConfigurationList = 958BDBF72880C16F005B4429 /* Build configuration list for PBXNativeTarget "ToDo" */;
			buildPhases = (
				958BDBCF2880C16D005B4429 /* Sources */,
				958BDBD02880C16D005B4429 /* Frameworks */,
				958BDBD12880C16D005B4429 /* Resources */,
			);
			buildRules = (
			);
			dependencies = (
			);
			name = ToDo;
			productName = ToDo;
			productReference = 958BDBD32880C16D005B4429 /* ToDo.app */;
			productType = "com.apple.product-type.application";
		};
		958BDBE22880C16F005B4429 /* ToDoTests */ = {
			isa = PBXNativeTarget;
			buildConfigurationList = 958BDBFA2880C16F005B4429 /* Build configuration list for PBXNativeTarget "ToDoTests" */;
			buildPhases = (
				958BDBDF2880C16F005B4429 /* Sources */,
				958BDBE02880C16F005B4429 /* Frameworks */,
				958BDBE12880C16F005B4429 /* Resources */,
			);
			buildRules = (
			);
			dependencies = (
				958BDBE52880C16F005B4429 /* PBXTargetDependency */,
			);
			name = ToDoTests;
			productName = ToDoTests;
			productReference = 958BDBE32880C16F005B4429 /* ToDoTests.xctest */;
			productType = "com.apple.product-type.bundle.unit-test";
		};
		958BDBEC2880C16F005B4429 /* ToDoUITests */ = {
			isa = PBXNativeTarget;
			buildConfigurationList = 958BDBFD2880C16F005B4429 /* Build configuration list for PBXNativeTarget "ToDoUITests" */;
			buildPhases = (
				958BDBE92880C16F005B4429 /* Sources */,
				958BDBEA2880C16F005B4429 /* Frameworks */,
				958BDBEB2880C16F005B4429 /* Resources */,
			);
			buildRules = (
			);
			dependencies = (
				958BDBEF2880C16F005B4429 /* PBXTargetDependency */,
			);
			name = ToDoUITests;
			productName = ToDoUITests;
			productReference = 958BDBED2880C16F005B4429 /* ToDoUITests.xctest */;
			productType = "com.apple.product-type.bundle.ui-testing";
		};
/* End PBXNativeTarget section */

/* Begin PBXProject section */
		958BDBCB2880C16D005B4429 /* Project object */ = {
			isa = PBXProject;
			attributes = {
				BuildIndependentTargetsInParallel = 1;
				LastSwiftUpdateCheck = 1340;
				LastUpgradeCheck = 1340;
				TargetAttributes = {
					958BDBD22880C16D005B4429 = {
						CreatedOnToolsVersion = 13.4.1;
					};
					958BDBE22880C16F005B4429 = {
						CreatedOnToolsVersion = 13.4.1;
						TestTargetID = 958BDBD22880C16D005B4429;
					};
					958BDBEC2880C16F005B4429 = {
						CreatedOnToolsVersion = 13.4.1;
						TestTargetID = 958BDBD22880C16D005B4429;
					};
				};
			};
			buildConfigurationList = 958BDBCE2880C16D005B4429 /* Build configuration list for PBXProject "ToDo" */;
			compatibilityVersion = "Xcode 13.0";
			developmentRegion = en;
			hasScannedForEncodings = 0;
			knownRegions = (
				en,
				Base,
			);
			mainGroup = 958BDBCA2880C16D005B4429;
			productRefGroup = 958BDBD42880C16D005B4429 /* Products */;
			projectDirPath = "";
			projectRoot = "";
			targets = (
				958BDBD22880C16D005B4429 /* ToDo */,
				958BDBE22880C16F005B4429 /* ToDoTests */,
				958BDBEC2880C16F005B4429 /* ToDoUITests */,
			);
		};
/* End PBXProject section */

/* Begin PBXResourcesBuildPhase section */
		958BDBD12880C16D005B4429 /* Resources */ = {
			isa = PBXResourcesBuildPhase;
			buildActionMask = 2147483647;
			files = (
				958BDBDE2880C16F005B4429 /* Preview Assets.xcassets in Resources */,
				958BDBDB2880C16F005B4429 /* Assets.xcassets in Resources */,
			);
			runOnlyForDeploymentPostprocessing = 0;
		};
		958BDBE12880C16F005B4429 /* Resources */ = {
			isa = PBXResourcesBuildPhase;
			buildActionMask = 2147483647;
			files = (
			);
			runOnlyForDeploymentPostprocessing = 0;
		};
		958BDBEB2880C16F005B4429 /* Resources */ = {
			isa = PBXResourcesBuildPhase;
			buildActionMask = 2147483647;
			files = (
			);
			runOnlyForDeploymentPostprocessing = 0;
		};
/* End PBXResourcesBuildPhase section */

/* Begin PBXSourcesBuildPhase section */
		958BDBCF2880C16D005B4429 /* Sources */ = {
			isa = PBXSourcesBuildPhase;
			buildActionMask = 2147483647;
			files = (
				9512E7B72881FEBC007A6A69 /* FileStoreToDoLoader.swift in Sources */,
				9512E7B92882003F007A6A69 /* ToDoLoader.swift in Sources */,
				9512E7BB28820E44007A6A69 /* RestToDoLoader.swift in Sources */,
				958BDC062881A649005B4429 /* ToDoStore.swift in Sources */,
				958BDC022880C26F005B4429 /* ToDo.swift in Sources */,
				958BDBD92880C16D005B4429 /* AllItemsView.swift in Sources */,
				958BDC042880C3D0005B4429 /* ToDoListView.swift in Sources */,
				958BDBD72880C16D005B4429 /* ToDoApp.swift in Sources */,
			);
			runOnlyForDeploymentPostprocessing = 0;
		};
		958BDBDF2880C16F005B4429 /* Sources */ = {
			isa = PBXSourcesBuildPhase;
			buildActionMask = 2147483647;
			files = (
				958BDBE82880C16F005B4429 /* ToDoTests.swift in Sources */,
			);
			runOnlyForDeploymentPostprocessing = 0;
		};
		958BDBE92880C16F005B4429 /* Sources */ = {
			isa = PBXSourcesBuildPhase;
			buildActionMask = 2147483647;
			files = (
				958BDBF42880C16F005B4429 /* ToDoUITestsLaunchTests.swift in Sources */,
				958BDBF22880C16F005B4429 /* ToDoUITests.swift in Sources */,
			);
			runOnlyForDeploymentPostprocessing = 0;
		};
/* End PBXSourcesBuildPhase section */

/* Begin PBXTargetDependency section */
		958BDBE52880C16F005B4429 /* PBXTargetDependency */ = {
			isa = PBXTargetDependency;
			target = 958BDBD22880C16D005B4429 /* ToDo */;
			targetProxy = 958BDBE42880C16F005B4429 /* PBXContainerItemProxy */;
		};
		958BDBEF2880C16F005B4429 /* PBXTargetDependency */ = {
			isa = PBXTargetDependency;
			target = 958BDBD22880C16D005B4429 /* ToDo */;
			targetProxy = 958BDBEE2880C16F005B4429 /* PBXContainerItemProxy */;
		};
/* End PBXTargetDependency section */

/* Begin XCBuildConfiguration section */
		958BDBF52880C16F005B4429 /* Debug */ = {
			isa = XCBuildConfiguration;
			buildSettings = {
				ALWAYS_SEARCH_USER_PATHS = NO;
				CLANG_ANALYZER_NONNULL = YES;
				CLANG_ANALYZER_NUMBER_OBJECT_CONVERSION = YES_AGGRESSIVE;
				CLANG_CXX_LANGUAGE_STANDARD = "gnu++17";
				CLANG_ENABLE_MODULES = YES;
				CLANG_ENABLE_OBJC_ARC = YES;
				CLANG_ENABLE_OBJC_WEAK = YES;
				CLANG_WARN_BLOCK_CAPTURE_AUTORELEASING = YES;
				CLANG_WARN_BOOL_CONVERSION = YES;
				CLANG_WARN_COMMA = YES;
				CLANG_WARN_CONSTANT_CONVERSION = YES;
				CLANG_WARN_DEPRECATED_OBJC_IMPLEMENTATIONS = YES;
				CLANG_WARN_DIRECT_OBJC_ISA_USAGE = YES_ERROR;
				CLANG_WARN_DOCUMENTATION_COMMENTS = YES;
				CLANG_WARN_EMPTY_BODY = YES;
				CLANG_WARN_ENUM_CONVERSION = YES;
				CLANG_WARN_INFINITE_RECURSION = YES;
				CLANG_WARN_INT_CONVERSION = YES;
				CLANG_WARN_NON_LITERAL_NULL_CONVERSION = YES;
				CLANG_WARN_OBJC_IMPLICIT_RETAIN_SELF = YES;
				CLANG_WARN_OBJC_LITERAL_CONVERSION = YES;
				CLANG_WARN_OBJC_ROOT_CLASS = YES_ERROR;
				CLANG_WARN_QUOTED_INCLUDE_IN_FRAMEWORK_HEADER = YES;
				CLANG_WARN_RANGE_LOOP_ANALYSIS = YES;
				CLANG_WARN_STRICT_PROTOTYPES = YES;
				CLANG_WARN_SUSPICIOUS_MOVE = YES;
				CLANG_WARN_UNGUARDED_AVAILABILITY = YES_AGGRESSIVE;
				CLANG_WARN_UNREACHABLE_CODE = YES;
				CLANG_WARN__DUPLICATE_METHOD_MATCH = YES;
				COPY_PHASE_STRIP = NO;
				DEBUG_INFORMATION_FORMAT = dwarf;
				ENABLE_STRICT_OBJC_MSGSEND = YES;
				ENABLE_TESTABILITY = YES;
				GCC_C_LANGUAGE_STANDARD = gnu11;
				GCC_DYNAMIC_NO_PIC = NO;
				GCC_NO_COMMON_BLOCKS = YES;
				GCC_OPTIMIZATION_LEVEL = 0;
				GCC_PREPROCESSOR_DEFINITIONS = (
					"DEBUG=1",
					"$(inherited)",
				);
				GCC_WARN_64_TO_32_BIT_CONVERSION = YES;
				GCC_WARN_ABOUT_RETURN_TYPE = YES_ERROR;
				GCC_WARN_UNDECLARED_SELECTOR = YES;
				GCC_WARN_UNINITIALIZED_AUTOS = YES_AGGRESSIVE;
				GCC_WARN_UNUSED_FUNCTION = YES;
				GCC_WARN_UNUSED_VARIABLE = YES;
				IPHONEOS_DEPLOYMENT_TARGET = 15.5;
				MTL_ENABLE_DEBUG_INFO = INCLUDE_SOURCE;
				MTL_FAST_MATH = YES;
				ONLY_ACTIVE_ARCH = YES;
				SDKROOT = iphoneos;
				SWIFT_ACTIVE_COMPILATION_CONDITIONS = DEBUG;
				SWIFT_OPTIMIZATION_LEVEL = "-Onone";
			};
			name = Debug;
		};
		958BDBF62880C16F005B4429 /* Release */ = {
			isa = XCBuildConfiguration;
			buildSettings = {
				ALWAYS_SEARCH_USER_PATHS = NO;
				CLANG_ANALYZER_NONNULL = YES;
				CLANG_ANALYZER_NUMBER_OBJECT_CONVERSION = YES_AGGRESSIVE;
				CLANG_CXX_LANGUAGE_STANDARD = "gnu++17";
				CLANG_ENABLE_MODULES = YES;
				CLANG_ENABLE_OBJC_ARC = YES;
				CLANG_ENABLE_OBJC_WEAK = YES;
				CLANG_WARN_BLOCK_CAPTURE_AUTORELEASING = YES;
				CLANG_WARN_BOOL_CONVERSION = YES;
				CLANG_WARN_COMMA = YES;
				CLANG_WARN_CONSTANT_CONVERSION = YES;
				CLANG_WARN_DEPRECATED_OBJC_IMPLEMENTATIONS = YES;
				CLANG_WARN_DIRECT_OBJC_ISA_USAGE = YES_ERROR;
				CLANG_WARN_DOCUMENTATION_COMMENTS = YES;
				CLANG_WARN_EMPTY_BODY = YES;
				CLANG_WARN_ENUM_CONVERSION = YES;
				CLANG_WARN_INFINITE_RECURSION = YES;
				CLANG_WARN_INT_CONVERSION = YES;
				CLANG_WARN_NON_LITERAL_NULL_CONVERSION = YES;
				CLANG_WARN_OBJC_IMPLICIT_RETAIN_SELF = YES;
				CLANG_WARN_OBJC_LITERAL_CONVERSION = YES;
				CLANG_WARN_OBJC_ROOT_CLASS = YES_ERROR;
				CLANG_WARN_QUOTED_INCLUDE_IN_FRAMEWORK_HEADER = YES;
				CLANG_WARN_RANGE_LOOP_ANALYSIS = YES;
				CLANG_WARN_STRICT_PROTOTYPES = YES;
				CLANG_WARN_SUSPICIOUS_MOVE = YES;
				CLANG_WARN_UNGUARDED_AVAILABILITY = YES_AGGRESSIVE;
				CLANG_WARN_UNREACHABLE_CODE = YES;
				CLANG_WARN__DUPLICATE_METHOD_MATCH = YES;
				COPY_PHASE_STRIP = NO;
				DEBUG_INFORMATION_FORMAT = "dwarf-with-dsym";
				ENABLE_NS_ASSERTIONS = NO;
				ENABLE_STRICT_OBJC_MSGSEND = YES;
				GCC_C_LANGUAGE_STANDARD = gnu11;
				GCC_NO_COMMON_BLOCKS = YES;
				GCC_WARN_64_TO_32_BIT_CONVERSION = YES;
				GCC_WARN_ABOUT_RETURN_TYPE = YES_ERROR;
				GCC_WARN_UNDECLARED_SELECTOR = YES;
				GCC_WARN_UNINITIALIZED_AUTOS = YES_AGGRESSIVE;
				GCC_WARN_UNUSED_FUNCTION = YES;
				GCC_WARN_UNUSED_VARIABLE = YES;
				IPHONEOS_DEPLOYMENT_TARGET = 15.5;
				MTL_ENABLE_DEBUG_INFO = NO;
				MTL_FAST_MATH = YES;
				SDKROOT = iphoneos;
				SWIFT_COMPILATION_MODE = wholemodule;
				SWIFT_OPTIMIZATION_LEVEL = "-O";
				VALIDATE_PRODUCT = YES;
			};
			name = Release;
		};
		958BDBF82880C16F005B4429 /* Debug */ = {
			isa = XCBuildConfiguration;
			buildSettings = {
				ASSETCATALOG_COMPILER_APPICON_NAME = AppIcon;
				ASSETCATALOG_COMPILER_GLOBAL_ACCENT_COLOR_NAME = AccentColor;
				CODE_SIGN_STYLE = Automatic;
				CURRENT_PROJECT_VERSION = 1;
				DEVELOPMENT_ASSET_PATHS = "\"ToDo/Preview Content\"";
				ENABLE_PREVIEWS = YES;
				GENERATE_INFOPLIST_FILE = YES;
				INFOPLIST_KEY_UIApplicationSceneManifest_Generation = YES;
				INFOPLIST_KEY_UIApplicationSupportsIndirectInputEvents = YES;
				INFOPLIST_KEY_UILaunchScreen_Generation = YES;
				INFOPLIST_KEY_UISupportedInterfaceOrientations_iPad = "UIInterfaceOrientationPortrait UIInterfaceOrientationPortraitUpsideDown UIInterfaceOrientationLandscapeLeft UIInterfaceOrientationLandscapeRight";
				INFOPLIST_KEY_UISupportedInterfaceOrientations_iPhone = "UIInterfaceOrientationPortrait UIInterfaceOrientationLandscapeLeft UIInterfaceOrientationLandscapeRight";
				LD_RUNPATH_SEARCH_PATHS = (
					"$(inherited)",
					"@executable_path/Frameworks",
				);
				MARKETING_VERSION = 1.0;
				PRODUCT_BUNDLE_IDENTIFIER = dev.darrencodes.ToDo;
				PRODUCT_NAME = "$(TARGET_NAME)";
				SWIFT_EMIT_LOC_STRINGS = YES;
				SWIFT_VERSION = 5.0;
				TARGETED_DEVICE_FAMILY = "1,2";
			};
			name = Debug;
		};
		958BDBF92880C16F005B4429 /* Release */ = {
			isa = XCBuildConfiguration;
			buildSettings = {
				ASSETCATALOG_COMPILER_APPICON_NAME = AppIcon;
				ASSETCATALOG_COMPILER_GLOBAL_ACCENT_COLOR_NAME = AccentColor;
				CODE_SIGN_STYLE = Automatic;
				CURRENT_PROJECT_VERSION = 1;
				DEVELOPMENT_ASSET_PATHS = "\"ToDo/Preview Content\"";
				ENABLE_PREVIEWS = YES;
				GENERATE_INFOPLIST_FILE = YES;
				INFOPLIST_KEY_UIApplicationSceneManifest_Generation = YES;
				INFOPLIST_KEY_UIApplicationSupportsIndirectInputEvents = YES;
				INFOPLIST_KEY_UILaunchScreen_Generation = YES;
				INFOPLIST_KEY_UISupportedInterfaceOrientations_iPad = "UIInterfaceOrientationPortrait UIInterfaceOrientationPortraitUpsideDown UIInterfaceOrientationLandscapeLeft UIInterfaceOrientationLandscapeRight";
				INFOPLIST_KEY_UISupportedInterfaceOrientations_iPhone = "UIInterfaceOrientationPortrait UIInterfaceOrientationLandscapeLeft UIInterfaceOrientationLandscapeRight";
				LD_RUNPATH_SEARCH_PATHS = (
					"$(inherited)",
					"@executable_path/Frameworks",
				);
				MARKETING_VERSION = 1.0;
				PRODUCT_BUNDLE_IDENTIFIER = dev.darrencodes.ToDo;
				PRODUCT_NAME = "$(TARGET_NAME)";
				SWIFT_EMIT_LOC_STRINGS = YES;
				SWIFT_VERSION = 5.0;
				TARGETED_DEVICE_FAMILY = "1,2";
			};
			name = Release;
		};
		958BDBFB2880C16F005B4429 /* Debug */ = {
			isa = XCBuildConfiguration;
			buildSettings = {
				ALWAYS_EMBED_SWIFT_STANDARD_LIBRARIES = YES;
				BUNDLE_LOADER = "$(TEST_HOST)";
				CODE_SIGN_STYLE = Automatic;
				CURRENT_PROJECT_VERSION = 1;
				GENERATE_INFOPLIST_FILE = YES;
				IPHONEOS_DEPLOYMENT_TARGET = 15.5;
				MARKETING_VERSION = 1.0;
				PRODUCT_BUNDLE_IDENTIFIER = dev.darrencodes.ToDoTests;
				PRODUCT_NAME = "$(TARGET_NAME)";
				SWIFT_EMIT_LOC_STRINGS = NO;
				SWIFT_VERSION = 5.0;
				TARGETED_DEVICE_FAMILY = "1,2";
				TEST_HOST = "$(BUILT_PRODUCTS_DIR)/ToDo.app/ToDo";
			};
			name = Debug;
		};
		958BDBFC2880C16F005B4429 /* Release */ = {
			isa = XCBuildConfiguration;
			buildSettings = {
				ALWAYS_EMBED_SWIFT_STANDARD_LIBRARIES = YES;
				BUNDLE_LOADER = "$(TEST_HOST)";
				CODE_SIGN_STYLE = Automatic;
				CURRENT_PROJECT_VERSION = 1;
				GENERATE_INFOPLIST_FILE = YES;
				IPHONEOS_DEPLOYMENT_TARGET = 15.5;
				MARKETING_VERSION = 1.0;
				PRODUCT_BUNDLE_IDENTIFIER = dev.darrencodes.ToDoTests;
				PRODUCT_NAME = "$(TARGET_NAME)";
				SWIFT_EMIT_LOC_STRINGS = NO;
				SWIFT_VERSION = 5.0;
				TARGETED_DEVICE_FAMILY = "1,2";
				TEST_HOST = "$(BUILT_PRODUCTS_DIR)/ToDo.app/ToDo";
			};
			name = Release;
		};
		958BDBFE2880C16F005B4429 /* Debug */ = {
			isa = XCBuildConfiguration;
			buildSettings = {
				ALWAYS_EMBED_SWIFT_STANDARD_LIBRARIES = YES;
				CODE_SIGN_STYLE = Automatic;
				CURRENT_PROJECT_VERSION = 1;
				GENERATE_INFOPLIST_FILE = YES;
				MARKETING_VERSION = 1.0;
				PRODUCT_BUNDLE_IDENTIFIER = dev.darrencodes.ToDoUITests;
				PRODUCT_NAME = "$(TARGET_NAME)";
				SWIFT_EMIT_LOC_STRINGS = NO;
				SWIFT_VERSION = 5.0;
				TARGETED_DEVICE_FAMILY = "1,2";
				TEST_TARGET_NAME = ToDo;
			};
			name = Debug;
		};
		958BDBFF2880C16F005B4429 /* Release */ = {
			isa = XCBuildConfiguration;
			buildSettings = {
				ALWAYS_EMBED_SWIFT_STANDARD_LIBRARIES = YES;
				CODE_SIGN_STYLE = Automatic;
				CURRENT_PROJECT_VERSION = 1;
				GENERATE_INFOPLIST_FILE = YES;
				MARKETING_VERSION = 1.0;
				PRODUCT_BUNDLE_IDENTIFIER = dev.darrencodes.ToDoUITests;
				PRODUCT_NAME = "$(TARGET_NAME)";
				SWIFT_EMIT_LOC_STRINGS = NO;
				SWIFT_VERSION = 5.0;
				TARGETED_DEVICE_FAMILY = "1,2";
				TEST_TARGET_NAME = ToDo;
			};
			name = Release;
		};
/* End XCBuildConfiguration section */

/* Begin XCConfigurationList section */
		958BDBCE2880C16D005B4429 /* Build configuration list for PBXProject "ToDo" */ = {
			isa = XCConfigurationList;
			buildConfigurations = (
				958BDBF52880C16F005B4429 /* Debug */,
				958BDBF62880C16F005B4429 /* Release */,
			);
			defaultConfigurationIsVisible = 0;
			defaultConfigurationName = Release;
		};
		958BDBF72880C16F005B4429 /* Build configuration list for PBXNativeTarget "ToDo" */ = {
			isa = XCConfigurationList;
			buildConfigurations = (
				958BDBF82880C16F005B4429 /* Debug */,
				958BDBF92880C16F005B4429 /* Release */,
			);
			defaultConfigurationIsVisible = 0;
			defaultConfigurationName = Release;
		};
		958BDBFA2880C16F005B4429 /* Build configuration list for PBXNativeTarget "ToDoTests" */ = {
			isa = XCConfigurationList;
			buildConfigurations = (
				958BDBFB2880C16F005B4429 /* Debug */,
				958BDBFC2880C16F005B4429 /* Release */,
			);
			defaultConfigurationIsVisible = 0;
			defaultConfigurationName = Release;
		};
		958BDBFD2880C16F005B4429 /* Build configuration list for PBXNativeTarget "ToDoUITests" */ = {
			isa = XCConfigurationList;
			buildConfigurations = (
				958BDBFE2880C16F005B4429 /* Debug */,
				958BDBFF2880C16F005B4429 /* Release */,
			);
			defaultConfigurationIsVisible = 0;
			defaultConfigurationName = Release;
		};
/* End XCConfigurationList section */
	};
	rootObject = 958BDBCB2880C16D005B4429 /* Project object */;
}
